// !$*UTF8*$!
{
	archiveVersion = 1;
	classes = {
	};
	objectVersion = 56;
	objects = {

/* Begin PBXBuildFile section */
		6F0685392A7E31B400D61344 /* CustomAlertVC.swift in Sources */ = {isa = PBXBuildFile; fileRef = 6F0685372A7E31B400D61344 /* CustomAlertVC.swift */; };
		6F06853A2A7E31B400D61344 /* CustomAlertVC.xib in Resources */ = {isa = PBXBuildFile; fileRef = 6F0685382A7E31B400D61344 /* CustomAlertVC.xib */; };
		6F06853D2A7E5CC400D61344 /* MaterialActivityIndicator in Frameworks */ = {isa = PBXBuildFile; productRef = 6F06853C2A7E5CC400D61344 /* MaterialActivityIndicator */; };
		6F4DF4CD2A7CCBB900F0B20E /* InvoiceDetailTableViewCell.swift in Sources */ = {isa = PBXBuildFile; fileRef = 6F4DF4CB2A7CCBB900F0B20E /* InvoiceDetailTableViewCell.swift */; };
		6F4DF4CE2A7CCBB900F0B20E /* InvoiceDetailTableViewCell.xib in Resources */ = {isa = PBXBuildFile; fileRef = 6F4DF4CC2A7CCBB900F0B20E /* InvoiceDetailTableViewCell.xib */; };
		6F4DF4D02A7CD96000F0B20E /* CustomHeaderView.swift in Sources */ = {isa = PBXBuildFile; fileRef = 6F4DF4CF2A7CD96000F0B20E /* CustomHeaderView.swift */; };
		6F4DF4D22A7D03CE00F0B20E /* InvoiceDetailVM.swift in Sources */ = {isa = PBXBuildFile; fileRef = 6F4DF4D12A7D03CE00F0B20E /* InvoiceDetailVM.swift */; };
		6F4DF4D52A7D1BC700F0B20E /* Alamofire in Frameworks */ = {isa = PBXBuildFile; productRef = 6F4DF4D42A7D1BC700F0B20E /* Alamofire */; };
		6F4DF4D72A7D1BE600F0B20E /* NetworkManager.swift in Sources */ = {isa = PBXBuildFile; fileRef = 6F4DF4D62A7D1BE600F0B20E /* NetworkManager.swift */; };
		6F4DF4D92A7D1CD400F0B20E /* ResultTypeEnum.swift in Sources */ = {isa = PBXBuildFile; fileRef = 6F4DF4D82A7D1CD400F0B20E /* ResultTypeEnum.swift */; };
		6F4DF4DB2A7D1CEC00F0B20E /* ErrorTypeEnum.swift in Sources */ = {isa = PBXBuildFile; fileRef = 6F4DF4DA2A7D1CEC00F0B20E /* ErrorTypeEnum.swift */; };
		6F4DF4DD2A7D1D2000F0B20E /* InvoiceResponseModel.swift in Sources */ = {isa = PBXBuildFile; fileRef = 6F4DF4DC2A7D1D2000F0B20E /* InvoiceResponseModel.swift */; };
		6F5653F62A7BD2D700675EB4 /* InvoiceTableViewCell.swift in Sources */ = {isa = PBXBuildFile; fileRef = 6F5653F42A7BD2D700675EB4 /* InvoiceTableViewCell.swift */; };
		6F5653F72A7BD2D700675EB4 /* InvoiceTableViewCell.xib in Resources */ = {isa = PBXBuildFile; fileRef = 6F5653F52A7BD2D700675EB4 /* InvoiceTableViewCell.xib */; };
		6F5654022A7C623200675EB4 /* InvoiceDetailVC.swift in Sources */ = {isa = PBXBuildFile; fileRef = 6F5654002A7C623200675EB4 /* InvoiceDetailVC.swift */; };
		6F5654032A7C623200675EB4 /* InvoiceDetailVC.xib in Resources */ = {isa = PBXBuildFile; fileRef = 6F5654012A7C623200675EB4 /* InvoiceDetailVC.xib */; };
		6FF3978C2A7A998B00C03951 /* AppDelegate.swift in Sources */ = {isa = PBXBuildFile; fileRef = 6FF3978B2A7A998B00C03951 /* AppDelegate.swift */; };
		6FF3978E2A7A998B00C03951 /* SceneDelegate.swift in Sources */ = {isa = PBXBuildFile; fileRef = 6FF3978D2A7A998B00C03951 /* SceneDelegate.swift */; };
		6FF397952A7A998C00C03951 /* Assets.xcassets in Resources */ = {isa = PBXBuildFile; fileRef = 6FF397942A7A998C00C03951 /* Assets.xcassets */; };
		6FF397AE2A7A9B5500C03951 /* InvoiceListVC.swift in Sources */ = {isa = PBXBuildFile; fileRef = 6FF397AC2A7A9B5500C03951 /* InvoiceListVC.swift */; };
		6FF397AF2A7A9B5500C03951 /* InvoiceListVC.xib in Resources */ = {isa = PBXBuildFile; fileRef = 6FF397AD2A7A9B5500C03951 /* InvoiceListVC.xib */; };
		6FF397B12A7AA8C100C03951 /* UIColor+Ext.swift in Sources */ = {isa = PBXBuildFile; fileRef = 6FF397B02A7AA8C100C03951 /* UIColor+Ext.swift */; };
		6FF397B32A7AAA0E00C03951 /* BaseVC.swift in Sources */ = {isa = PBXBuildFile; fileRef = 6FF397B22A7AAA0E00C03951 /* BaseVC.swift */; };
		6FF397B62A7AAB0000C03951 /* CustomView.swift in Sources */ = {isa = PBXBuildFile; fileRef = 6FF397B52A7AAB0000C03951 /* CustomView.swift */; };
		6FF397B82A7AD4C300C03951 /* InvoiceListVM.swift in Sources */ = {isa = PBXBuildFile; fileRef = 6FF397B72A7AD4C300C03951 /* InvoiceListVM.swift */; };
/* End PBXBuildFile section */

/* Begin PBXFileReference section */
		6F0685372A7E31B400D61344 /* CustomAlertVC.swift */ = {isa = PBXFileReference; lastKnownFileType = sourcecode.swift; path = CustomAlertVC.swift; sourceTree = "<group>"; };
		6F0685382A7E31B400D61344 /* CustomAlertVC.xib */ = {isa = PBXFileReference; lastKnownFileType = file.xib; path = CustomAlertVC.xib; sourceTree = "<group>"; };
		6F4DF4CB2A7CCBB900F0B20E /* InvoiceDetailTableViewCell.swift */ = {isa = PBXFileReference; lastKnownFileType = sourcecode.swift; path = InvoiceDetailTableViewCell.swift; sourceTree = "<group>"; };
		6F4DF4CC2A7CCBB900F0B20E /* InvoiceDetailTableViewCell.xib */ = {isa = PBXFileReference; lastKnownFileType = file.xib; path = InvoiceDetailTableViewCell.xib; sourceTree = "<group>"; };
		6F4DF4CF2A7CD96000F0B20E /* CustomHeaderView.swift */ = {isa = PBXFileReference; lastKnownFileType = sourcecode.swift; path = CustomHeaderView.swift; sourceTree = "<group>"; };
		6F4DF4D12A7D03CE00F0B20E /* InvoiceDetailVM.swift */ = {isa = PBXFileReference; lastKnownFileType = sourcecode.swift; path = InvoiceDetailVM.swift; sourceTree = "<group>"; };
		6F4DF4D62A7D1BE600F0B20E /* NetworkManager.swift */ = {isa = PBXFileReference; lastKnownFileType = sourcecode.swift; path = NetworkManager.swift; sourceTree = "<group>"; };
		6F4DF4D82A7D1CD400F0B20E /* ResultTypeEnum.swift */ = {isa = PBXFileReference; lastKnownFileType = sourcecode.swift; path = ResultTypeEnum.swift; sourceTree = "<group>"; };
		6F4DF4DA2A7D1CEC00F0B20E /* ErrorTypeEnum.swift */ = {isa = PBXFileReference; lastKnownFileType = sourcecode.swift; path = ErrorTypeEnum.swift; sourceTree = "<group>"; };
		6F4DF4DC2A7D1D2000F0B20E /* InvoiceResponseModel.swift */ = {isa = PBXFileReference; lastKnownFileType = sourcecode.swift; path = InvoiceResponseModel.swift; sourceTree = "<group>"; };
		6F5653F42A7BD2D700675EB4 /* InvoiceTableViewCell.swift */ = {isa = PBXFileReference; lastKnownFileType = sourcecode.swift; path = InvoiceTableViewCell.swift; sourceTree = "<group>"; };
		6F5653F52A7BD2D700675EB4 /* InvoiceTableViewCell.xib */ = {isa = PBXFileReference; lastKnownFileType = file.xib; path = InvoiceTableViewCell.xib; sourceTree = "<group>"; };
		6F5654002A7C623200675EB4 /* InvoiceDetailVC.swift */ = {isa = PBXFileReference; lastKnownFileType = sourcecode.swift; path = InvoiceDetailVC.swift; sourceTree = "<group>"; };
		6F5654012A7C623200675EB4 /* InvoiceDetailVC.xib */ = {isa = PBXFileReference; lastKnownFileType = file.xib; path = InvoiceDetailVC.xib; sourceTree = "<group>"; };
		6FF397882A7A998B00C03951 /* CustomerContracts.app */ = {isa = PBXFileReference; explicitFileType = wrapper.application; includeInIndex = 0; path = CustomerContracts.app; sourceTree = BUILT_PRODUCTS_DIR; };
		6FF3978B2A7A998B00C03951 /* AppDelegate.swift */ = {isa = PBXFileReference; lastKnownFileType = sourcecode.swift; path = AppDelegate.swift; sourceTree = "<group>"; };
		6FF3978D2A7A998B00C03951 /* SceneDelegate.swift */ = {isa = PBXFileReference; lastKnownFileType = sourcecode.swift; path = SceneDelegate.swift; sourceTree = "<group>"; };
		6FF397942A7A998C00C03951 /* Assets.xcassets */ = {isa = PBXFileReference; lastKnownFileType = folder.assetcatalog; path = Assets.xcassets; sourceTree = "<group>"; };
		6FF397992A7A998C00C03951 /* Info.plist */ = {isa = PBXFileReference; lastKnownFileType = text.plist.xml; path = Info.plist; sourceTree = "<group>"; };
		6FF397AC2A7A9B5500C03951 /* InvoiceListVC.swift */ = {isa = PBXFileReference; lastKnownFileType = sourcecode.swift; path = InvoiceListVC.swift; sourceTree = "<group>"; };
		6FF397AD2A7A9B5500C03951 /* InvoiceListVC.xib */ = {isa = PBXFileReference; lastKnownFileType = file.xib; path = InvoiceListVC.xib; sourceTree = "<group>"; };
		6FF397B02A7AA8C100C03951 /* UIColor+Ext.swift */ = {isa = PBXFileReference; lastKnownFileType = sourcecode.swift; path = "UIColor+Ext.swift"; sourceTree = "<group>"; };
		6FF397B22A7AAA0E00C03951 /* BaseVC.swift */ = {isa = PBXFileReference; lastKnownFileType = sourcecode.swift; path = BaseVC.swift; sourceTree = "<group>"; };
		6FF397B52A7AAB0000C03951 /* CustomView.swift */ = {isa = PBXFileReference; lastKnownFileType = sourcecode.swift; path = CustomView.swift; sourceTree = "<group>"; };
		6FF397B72A7AD4C300C03951 /* InvoiceListVM.swift */ = {isa = PBXFileReference; lastKnownFileType = sourcecode.swift; path = InvoiceListVM.swift; sourceTree = "<group>"; };
/* End PBXFileReference section */

/* Begin PBXFrameworksBuildPhase section */
		6FF397852A7A998B00C03951 /* Frameworks */ = {
			isa = PBXFrameworksBuildPhase;
			buildActionMask = 2147483647;
			files = (
				6F06853D2A7E5CC400D61344 /* MaterialActivityIndicator in Frameworks */,
				6F4DF4D52A7D1BC700F0B20E /* Alamofire in Frameworks */,
			);
			runOnlyForDeploymentPostprocessing = 0;
		};
/* End PBXFrameworksBuildPhase section */

/* Begin PBXGroup section */
		6F0685362A7E319900D61344 /* alert */ = {
			isa = PBXGroup;
			children = (
				6F0685372A7E31B400D61344 /* CustomAlertVC.swift */,
				6F0685382A7E31B400D61344 /* CustomAlertVC.xib */,
			);
			path = alert;
			sourceTree = "<group>";
		};
		6F4DF4CA2A7CCB7E00F0B20E /* cell */ = {
			isa = PBXGroup;
			children = (
				6F4DF4CB2A7CCBB900F0B20E /* InvoiceDetailTableViewCell.swift */,
				6F4DF4CC2A7CCBB900F0B20E /* InvoiceDetailTableViewCell.xib */,
			);
			path = cell;
			sourceTree = "<group>";
		};
		6F5653EF2A7B938800675EB4 /* detail */ = {
			isa = PBXGroup;
			children = (
				6F4DF4CA2A7CCB7E00F0B20E /* cell */,
				6F5654002A7C623200675EB4 /* InvoiceDetailVC.swift */,
				6F5654012A7C623200675EB4 /* InvoiceDetailVC.xib */,
				6F4DF4D12A7D03CE00F0B20E /* InvoiceDetailVM.swift */,
			);
			path = detail;
			sourceTree = "<group>";
		};
		6FF3977F2A7A998B00C03951 = {
			isa = PBXGroup;
			children = (
				6FF3978A2A7A998B00C03951 /* CustomerContracts */,
				6FF397892A7A998B00C03951 /* Products */,
			);
			sourceTree = "<group>";
		};
		6FF397892A7A998B00C03951 /* Products */ = {
			isa = PBXGroup;
			children = (
				6FF397882A7A998B00C03951 /* CustomerContracts.app */,
			);
			name = Products;
			sourceTree = "<group>";
		};
		6FF3978A2A7A998B00C03951 /* CustomerContracts */ = {
			isa = PBXGroup;
			children = (
				6FF397A52A7A9A4800C03951 /* app */,
				6FF397A42A7A9A4200C03951 /* base */,
				6FF397A32A7A9A3500C03951 /* managers */,
				6FF397A22A7A9A2D00C03951 /* models */,
				6FF397A12A7A9A1F00C03951 /* screens */,
				6FF397B42A7AAAE000C03951 /* components */,
				6FF397A02A7A99FB00C03951 /* utils */,
				6FF397992A7A998C00C03951 /* Info.plist */,
			);
			path = CustomerContracts;
			sourceTree = "<group>";
		};
		6FF397A02A7A99FB00C03951 /* utils */ = {
			isa = PBXGroup;
			children = (
				6FF397B02A7AA8C100C03951 /* UIColor+Ext.swift */,
			);
			path = utils;
			sourceTree = "<group>";
		};
		6FF397A12A7A9A1F00C03951 /* screens */ = {
			isa = PBXGroup;
			children = (
				6F5653EF2A7B938800675EB4 /* detail */,
				6FF397A72A7A9AEF00C03951 /* list */,
			);
			path = screens;
			sourceTree = "<group>";
		};
		6FF397A22A7A9A2D00C03951 /* models */ = {
			isa = PBXGroup;
			children = (
				6F4DF4D82A7D1CD400F0B20E /* ResultTypeEnum.swift */,
				6F4DF4DA2A7D1CEC00F0B20E /* ErrorTypeEnum.swift */,
				6F4DF4DC2A7D1D2000F0B20E /* InvoiceResponseModel.swift */,
			);
			path = models;
			sourceTree = "<group>";
		};
		6FF397A32A7A9A3500C03951 /* managers */ = {
			isa = PBXGroup;
			children = (
				6F4DF4D62A7D1BE600F0B20E /* NetworkManager.swift */,
			);
			path = managers;
			sourceTree = "<group>";
		};
		6FF397A42A7A9A4200C03951 /* base */ = {
			isa = PBXGroup;
			children = (
				6FF397B22A7AAA0E00C03951 /* BaseVC.swift */,
			);
			path = base;
			sourceTree = "<group>";
		};
		6FF397A52A7A9A4800C03951 /* app */ = {
			isa = PBXGroup;
			children = (
				6FF3978B2A7A998B00C03951 /* AppDelegate.swift */,
				6FF3978D2A7A998B00C03951 /* SceneDelegate.swift */,
				6FF397942A7A998C00C03951 /* Assets.xcassets */,
			);
			path = app;
			sourceTree = "<group>";
		};
		6FF397A72A7A9AEF00C03951 /* list */ = {
			isa = PBXGroup;
			children = (
				6FF397B92A7AD79800C03951 /* cell */,
				6FF397AC2A7A9B5500C03951 /* InvoiceListVC.swift */,
				6FF397AD2A7A9B5500C03951 /* InvoiceListVC.xib */,
				6FF397B72A7AD4C300C03951 /* InvoiceListVM.swift */,
			);
			path = list;
			sourceTree = "<group>";
		};
		6FF397B42A7AAAE000C03951 /* components */ = {
			isa = PBXGroup;
			children = (
				6F0685362A7E319900D61344 /* alert */,
				6FF397B52A7AAB0000C03951 /* CustomView.swift */,
				6F4DF4CF2A7CD96000F0B20E /* CustomHeaderView.swift */,
			);
			path = components;
			sourceTree = "<group>";
		};
		6FF397B92A7AD79800C03951 /* cell */ = {
			isa = PBXGroup;
			children = (
				6F5653F42A7BD2D700675EB4 /* InvoiceTableViewCell.swift */,
				6F5653F52A7BD2D700675EB4 /* InvoiceTableViewCell.xib */,
			);
			path = cell;
			sourceTree = "<group>";
		};
/* End PBXGroup section */

/* Begin PBXNativeTarget section */
		6FF397872A7A998B00C03951 /* CustomerContracts */ = {
			isa = PBXNativeTarget;
			buildConfigurationList = 6FF3979C2A7A998C00C03951 /* Build configuration list for PBXNativeTarget "CustomerContracts" */;
			buildPhases = (
				6FF397842A7A998B00C03951 /* Sources */,
				6FF397852A7A998B00C03951 /* Frameworks */,
				6FF397862A7A998B00C03951 /* Resources */,
			);
			buildRules = (
			);
			dependencies = (
			);
			name = CustomerContracts;
			packageProductDependencies = (
				6F4DF4D42A7D1BC700F0B20E /* Alamofire */,
				6F06853C2A7E5CC400D61344 /* MaterialActivityIndicator */,
			);
			productName = CustomerContracts;
			productReference = 6FF397882A7A998B00C03951 /* CustomerContracts.app */;
			productType = "com.apple.product-type.application";
		};
/* End PBXNativeTarget section */

/* Begin PBXProject section */
		6FF397802A7A998B00C03951 /* Project object */ = {
			isa = PBXProject;
			attributes = {
				BuildIndependentTargetsInParallel = 1;
				LastSwiftUpdateCheck = 1430;
				LastUpgradeCheck = 1430;
				TargetAttributes = {
					6FF397872A7A998B00C03951 = {
						CreatedOnToolsVersion = 14.3;
					};
				};
			};
			buildConfigurationList = 6FF397832A7A998B00C03951 /* Build configuration list for PBXProject "CustomerContracts" */;
			compatibilityVersion = "Xcode 14.0";
			developmentRegion = en;
			hasScannedForEncodings = 0;
			knownRegions = (
				en,
				Base,
			);
			mainGroup = 6FF3977F2A7A998B00C03951;
			packageReferences = (
				6F4DF4D32A7D1BC700F0B20E /* XCRemoteSwiftPackageReference "Alamofire" */,
				6F06853B2A7E5CC400D61344 /* XCRemoteSwiftPackageReference "MaterialActivityIndicator" */,
			);
			productRefGroup = 6FF397892A7A998B00C03951 /* Products */;
			projectDirPath = "";
			projectRoot = "";
			targets = (
				6FF397872A7A998B00C03951 /* CustomerContracts */,
			);
		};
/* End PBXProject section */

/* Begin PBXResourcesBuildPhase section */
		6FF397862A7A998B00C03951 /* Resources */ = {
			isa = PBXResourcesBuildPhase;
			buildActionMask = 2147483647;
			files = (
				6F06853A2A7E31B400D61344 /* CustomAlertVC.xib in Resources */,
				6FF397AF2A7A9B5500C03951 /* InvoiceListVC.xib in Resources */,
				6F4DF4CE2A7CCBB900F0B20E /* InvoiceDetailTableViewCell.xib in Resources */,
				6F5654032A7C623200675EB4 /* InvoiceDetailVC.xib in Resources */,
				6F5653F72A7BD2D700675EB4 /* InvoiceTableViewCell.xib in Resources */,
				6FF397952A7A998C00C03951 /* Assets.xcassets in Resources */,
			);
			runOnlyForDeploymentPostprocessing = 0;
		};
/* End PBXResourcesBuildPhase section */

/* Begin PBXSourcesBuildPhase section */
		6FF397842A7A998B00C03951 /* Sources */ = {
			isa = PBXSourcesBuildPhase;
			buildActionMask = 2147483647;
			files = (
				6FF397AE2A7A9B5500C03951 /* InvoiceListVC.swift in Sources */,
				6F0685392A7E31B400D61344 /* CustomAlertVC.swift in Sources */,
				6FF397B12A7AA8C100C03951 /* UIColor+Ext.swift in Sources */,
				6F4DF4DD2A7D1D2000F0B20E /* InvoiceResponseModel.swift in Sources */,
				6F4DF4CD2A7CCBB900F0B20E /* InvoiceDetailTableViewCell.swift in Sources */,
				6F4DF4D72A7D1BE600F0B20E /* NetworkManager.swift in Sources */,
				6FF3978C2A7A998B00C03951 /* AppDelegate.swift in Sources */,
				6F4DF4DB2A7D1CEC00F0B20E /* ErrorTypeEnum.swift in Sources */,
				6FF397B82A7AD4C300C03951 /* InvoiceListVM.swift in Sources */,
				6FF397B62A7AAB0000C03951 /* CustomView.swift in Sources */,
				6F5653F62A7BD2D700675EB4 /* InvoiceTableViewCell.swift in Sources */,
				6FF3978E2A7A998B00C03951 /* SceneDelegate.swift in Sources */,
				6F4DF4D02A7CD96000F0B20E /* CustomHeaderView.swift in Sources */,
				6FF397B32A7AAA0E00C03951 /* BaseVC.swift in Sources */,
				6F5654022A7C623200675EB4 /* InvoiceDetailVC.swift in Sources */,
				6F4DF4D22A7D03CE00F0B20E /* InvoiceDetailVM.swift in Sources */,
				6F4DF4D92A7D1CD400F0B20E /* ResultTypeEnum.swift in Sources */,
			);
			runOnlyForDeploymentPostprocessing = 0;
		};
/* End PBXSourcesBuildPhase section */

/* Begin XCBuildConfiguration section */
		6FF3979A2A7A998C00C03951 /* Debug */ = {
			isa = XCBuildConfiguration;
			buildSettings = {
				ALWAYS_SEARCH_USER_PATHS = NO;
				CLANG_ANALYZER_NONNULL = YES;
				CLANG_ANALYZER_NUMBER_OBJECT_CONVERSION = YES_AGGRESSIVE;
				CLANG_CXX_LANGUAGE_STANDARD = "gnu++20";
				CLANG_ENABLE_MODULES = YES;
				CLANG_ENABLE_OBJC_ARC = YES;
				CLANG_ENABLE_OBJC_WEAK = YES;
				CLANG_WARN_BLOCK_CAPTURE_AUTORELEASING = YES;
				CLANG_WARN_BOOL_CONVERSION = YES;
				CLANG_WARN_COMMA = YES;
				CLANG_WARN_CONSTANT_CONVERSION = YES;
				CLANG_WARN_DEPRECATED_OBJC_IMPLEMENTATIONS = YES;
				CLANG_WARN_DIRECT_OBJC_ISA_USAGE = YES_ERROR;
				CLANG_WARN_DOCUMENTATION_COMMENTS = YES;
				CLANG_WARN_EMPTY_BODY = YES;
				CLANG_WARN_ENUM_CONVERSION = YES;
				CLANG_WARN_INFINITE_RECURSION = YES;
				CLANG_WARN_INT_CONVERSION = YES;
				CLANG_WARN_NON_LITERAL_NULL_CONVERSION = YES;
				CLANG_WARN_OBJC_IMPLICIT_RETAIN_SELF = YES;
				CLANG_WARN_OBJC_LITERAL_CONVERSION = YES;
				CLANG_WARN_OBJC_ROOT_CLASS = YES_ERROR;
				CLANG_WARN_QUOTED_INCLUDE_IN_FRAMEWORK_HEADER = YES;
				CLANG_WARN_RANGE_LOOP_ANALYSIS = YES;
				CLANG_WARN_STRICT_PROTOTYPES = YES;
				CLANG_WARN_SUSPICIOUS_MOVE = YES;
				CLANG_WARN_UNGUARDED_AVAILABILITY = YES_AGGRESSIVE;
				CLANG_WARN_UNREACHABLE_CODE = YES;
				CLANG_WARN__DUPLICATE_METHOD_MATCH = YES;
				COPY_PHASE_STRIP = NO;
				DEBUG_INFORMATION_FORMAT = dwarf;
				ENABLE_STRICT_OBJC_MSGSEND = YES;
				ENABLE_TESTABILITY = YES;
				GCC_C_LANGUAGE_STANDARD = gnu11;
				GCC_DYNAMIC_NO_PIC = NO;
				GCC_NO_COMMON_BLOCKS = YES;
				GCC_OPTIMIZATION_LEVEL = 0;
				GCC_PREPROCESSOR_DEFINITIONS = (
					"DEBUG=1",
					"$(inherited)",
				);
				GCC_WARN_64_TO_32_BIT_CONVERSION = YES;
				GCC_WARN_ABOUT_RETURN_TYPE = YES_ERROR;
				GCC_WARN_UNDECLARED_SELECTOR = YES;
				GCC_WARN_UNINITIALIZED_AUTOS = YES_AGGRESSIVE;
				GCC_WARN_UNUSED_FUNCTION = YES;
				GCC_WARN_UNUSED_VARIABLE = YES;
				IPHONEOS_DEPLOYMENT_TARGET = 16.4;
				MTL_ENABLE_DEBUG_INFO = INCLUDE_SOURCE;
				MTL_FAST_MATH = YES;
				ONLY_ACTIVE_ARCH = YES;
				SDKROOT = iphoneos;
				SWIFT_ACTIVE_COMPILATION_CONDITIONS = DEBUG;
				SWIFT_OPTIMIZATION_LEVEL = "-Onone";
			};
			name = Debug;
		};
		6FF3979B2A7A998C00C03951 /* Release */ = {
			isa = XCBuildConfiguration;
			buildSettings = {
				ALWAYS_SEARCH_USER_PATHS = NO;
				CLANG_ANALYZER_NONNULL = YES;
				CLANG_ANALYZER_NUMBER_OBJECT_CONVERSION = YES_AGGRESSIVE;
				CLANG_CXX_LANGUAGE_STANDARD = "gnu++20";
				CLANG_ENABLE_MODULES = YES;
				CLANG_ENABLE_OBJC_ARC = YES;
				CLANG_ENABLE_OBJC_WEAK = YES;
				CLANG_WARN_BLOCK_CAPTURE_AUTORELEASING = YES;
				CLANG_WARN_BOOL_CONVERSION = YES;
				CLANG_WARN_COMMA = YES;
				CLANG_WARN_CONSTANT_CONVERSION = YES;
				CLANG_WARN_DEPRECATED_OBJC_IMPLEMENTATIONS = YES;
				CLANG_WARN_DIRECT_OBJC_ISA_USAGE = YES_ERROR;
				CLANG_WARN_DOCUMENTATION_COMMENTS = YES;
				CLANG_WARN_EMPTY_BODY = YES;
				CLANG_WARN_ENUM_CONVERSION = YES;
				CLANG_WARN_INFINITE_RECURSION = YES;
				CLANG_WARN_INT_CONVERSION = YES;
				CLANG_WARN_NON_LITERAL_NULL_CONVERSION = YES;
				CLANG_WARN_OBJC_IMPLICIT_RETAIN_SELF = YES;
				CLANG_WARN_OBJC_LITERAL_CONVERSION = YES;
				CLANG_WARN_OBJC_ROOT_CLASS = YES_ERROR;
				CLANG_WARN_QUOTED_INCLUDE_IN_FRAMEWORK_HEADER = YES;
				CLANG_WARN_RANGE_LOOP_ANALYSIS = YES;
				CLANG_WARN_STRICT_PROTOTYPES = YES;
				CLANG_WARN_SUSPICIOUS_MOVE = YES;
				CLANG_WARN_UNGUARDED_AVAILABILITY = YES_AGGRESSIVE;
				CLANG_WARN_UNREACHABLE_CODE = YES;
				CLANG_WARN__DUPLICATE_METHOD_MATCH = YES;
				COPY_PHASE_STRIP = NO;
				DEBUG_INFORMATION_FORMAT = "dwarf-with-dsym";
				ENABLE_NS_ASSERTIONS = NO;
				ENABLE_STRICT_OBJC_MSGSEND = YES;
				GCC_C_LANGUAGE_STANDARD = gnu11;
				GCC_NO_COMMON_BLOCKS = YES;
				GCC_WARN_64_TO_32_BIT_CONVERSION = YES;
				GCC_WARN_ABOUT_RETURN_TYPE = YES_ERROR;
				GCC_WARN_UNDECLARED_SELECTOR = YES;
				GCC_WARN_UNINITIALIZED_AUTOS = YES_AGGRESSIVE;
				GCC_WARN_UNUSED_FUNCTION = YES;
				GCC_WARN_UNUSED_VARIABLE = YES;
				IPHONEOS_DEPLOYMENT_TARGET = 16.4;
				MTL_ENABLE_DEBUG_INFO = NO;
				MTL_FAST_MATH = YES;
				SDKROOT = iphoneos;
				SWIFT_COMPILATION_MODE = wholemodule;
				SWIFT_OPTIMIZATION_LEVEL = "-O";
				VALIDATE_PRODUCT = YES;
			};
			name = Release;
		};
		6FF3979D2A7A998C00C03951 /* Debug */ = {
			isa = XCBuildConfiguration;
			buildSettings = {
				ASSETCATALOG_COMPILER_APPICON_NAME = AppIcon;
				ASSETCATALOG_COMPILER_GLOBAL_ACCENT_COLOR_NAME = AccentColor;
				CODE_SIGN_STYLE = Automatic;
				CURRENT_PROJECT_VERSION = 1;
				DEVELOPMENT_TEAM = RLTBABHG5N;
				GENERATE_INFOPLIST_FILE = YES;
				INFOPLIST_FILE = CustomerContracts/Info.plist;
				INFOPLIST_KEY_CFBundleDisplayName = "";
				INFOPLIST_KEY_LSApplicationCategoryType = "";
				INFOPLIST_KEY_UIApplicationSupportsIndirectInputEvents = YES;
				INFOPLIST_KEY_UILaunchStoryboardName = LaunchScreen;
				INFOPLIST_KEY_UIStatusBarStyle = UIStatusBarStyleLightContent;
				INFOPLIST_KEY_UISupportedInterfaceOrientations_iPad = "UIInterfaceOrientationPortrait UIInterfaceOrientationPortraitUpsideDown UIInterfaceOrientationLandscapeLeft UIInterfaceOrientationLandscapeRight";
				INFOPLIST_KEY_UISupportedInterfaceOrientations_iPhone = "UIInterfaceOrientationPortrait UIInterfaceOrientationLandscapeLeft UIInterfaceOrientationLandscapeRight";
				LD_RUNPATH_SEARCH_PATHS = (
					"$(inherited)",
					"@executable_path/Frameworks",
				);
				MARKETING_VERSION = 1.0;
				PRODUCT_BUNDLE_IDENTIFIER = com.emreyesilyurt.CustomerContracts;
				PRODUCT_NAME = "$(TARGET_NAME)";
				SWIFT_EMIT_LOC_STRINGS = YES;
				SWIFT_VERSION = 5.0;
				TARGETED_DEVICE_FAMILY = "1,2";
			};
			name = Debug;
		};
		6FF3979E2A7A998C00C03951 /* Release */ = {
			isa = XCBuildConfiguration;
			buildSettings = {
				ASSETCATALOG_COMPILER_APPICON_NAME = AppIcon;
				ASSETCATALOG_COMPILER_GLOBAL_ACCENT_COLOR_NAME = AccentColor;
				CODE_SIGN_STYLE = Automatic;
				CURRENT_PROJECT_VERSION = 1;
				DEVELOPMENT_TEAM = RLTBABHG5N;
				GENERATE_INFOPLIST_FILE = YES;
				INFOPLIST_FILE = CustomerContracts/Info.plist;
				INFOPLIST_KEY_CFBundleDisplayName = "";
				INFOPLIST_KEY_LSApplicationCategoryType = "";
				INFOPLIST_KEY_UIApplicationSupportsIndirectInputEvents = YES;
				INFOPLIST_KEY_UILaunchStoryboardName = LaunchScreen;
				INFOPLIST_KEY_UIStatusBarStyle = UIStatusBarStyleLightContent;
				INFOPLIST_KEY_UISupportedInterfaceOrientations_iPad = "UIInterfaceOrientationPortrait UIInterfaceOrientationPortraitUpsideDown UIInterfaceOrientationLandscapeLeft UIInterfaceOrientationLandscapeRight";
				INFOPLIST_KEY_UISupportedInterfaceOrientations_iPhone = "UIInterfaceOrientationPortrait UIInterfaceOrientationLandscapeLeft UIInterfaceOrientationLandscapeRight";
				LD_RUNPATH_SEARCH_PATHS = (
					"$(inherited)",
					"@executable_path/Frameworks",
				);
				MARKETING_VERSION = 1.0;
				PRODUCT_BUNDLE_IDENTIFIER = com.emreyesilyurt.CustomerContracts;
				PRODUCT_NAME = "$(TARGET_NAME)";
				SWIFT_EMIT_LOC_STRINGS = YES;
				SWIFT_VERSION = 5.0;
				TARGETED_DEVICE_FAMILY = "1,2";
			};
			name = Release;
		};
/* End XCBuildConfiguration section */

/* Begin XCConfigurationList section */
		6FF397832A7A998B00C03951 /* Build configuration list for PBXProject "CustomerContracts" */ = {
			isa = XCConfigurationList;
			buildConfigurations = (
				6FF3979A2A7A998C00C03951 /* Debug */,
				6FF3979B2A7A998C00C03951 /* Release */,
			);
			defaultConfigurationIsVisible = 0;
			defaultConfigurationName = Release;
		};
		6FF3979C2A7A998C00C03951 /* Build configuration list for PBXNativeTarget "CustomerContracts" */ = {
			isa = XCConfigurationList;
			buildConfigurations = (
				6FF3979D2A7A998C00C03951 /* Debug */,
				6FF3979E2A7A998C00C03951 /* Release */,
			);
			defaultConfigurationIsVisible = 0;
			defaultConfigurationName = Release;
		};
/* End XCConfigurationList section */

/* Begin XCRemoteSwiftPackageReference section */
		6F06853B2A7E5CC400D61344 /* XCRemoteSwiftPackageReference "MaterialActivityIndicator" */ = {
			isa = XCRemoteSwiftPackageReference;
			repositoryURL = "https://github.com/nspavlo/MaterialActivityIndicator";
			requirement = {
				kind = upToNextMajorVersion;
				minimumVersion = 0.0.7;
			};
		};
		6F4DF4D32A7D1BC700F0B20E /* XCRemoteSwiftPackageReference "Alamofire" */ = {
			isa = XCRemoteSwiftPackageReference;
			repositoryURL = "https://github.com/Alamofire/Alamofire";
			requirement = {
				kind = upToNextMajorVersion;
				minimumVersion = 5.0.0;
			};
		};
/* End XCRemoteSwiftPackageReference section */

/* Begin XCSwiftPackageProductDependency section */
		6F06853C2A7E5CC400D61344 /* MaterialActivityIndicator */ = {
			isa = XCSwiftPackageProductDependency;
			package = 6F06853B2A7E5CC400D61344 /* XCRemoteSwiftPackageReference "MaterialActivityIndicator" */;
			productName = MaterialActivityIndicator;
		};
		6F4DF4D42A7D1BC700F0B20E /* Alamofire */ = {
			isa = XCSwiftPackageProductDependency;
			package = 6F4DF4D32A7D1BC700F0B20E /* XCRemoteSwiftPackageReference "Alamofire" */;
			productName = Alamofire;
		};
/* End XCSwiftPackageProductDependency section */
	};
	rootObject = 6FF397802A7A998B00C03951 /* Project object */;
}
